
Microsoft Visual Studio Solution File, Format Version 12.00
# Visual Studio Version 17
VisualStudioVersion = 17.9.34607.119
MinimumVisualStudioVersion = 10.0.40219.1
Project("{FAE04EC0-301F-11D3-BF4B-00C04F79EFBC}") = "Tarea 2 - Progamacion 1", "Tarea 2 - Progamacion 1.csproj", "{D2F149C4-44B7-48DF-A0D9-9213C9AEC5D7}"
EndProject
Global
	GlobalSection(SolutionConfigurationPlatforms) = preSolution
		Debug|Any CPU = Debug|Any CPU
		Release|Any CPU = Release|Any CPU
	EndGlobalSection
	GlobalSection(ProjectConfigurationPlatforms) = postSolution
		{D2F149C4-44B7-48DF-A0D9-9213C9AEC5D7}.Debug|Any CPU.ActiveCfg = Debug|Any CPU
		{D2F149C4-44B7-48DF-A0D9-9213C9AEC5D7}.Debug|Any CPU.Build.0 = Debug|Any CPU
		{D2F149C4-44B7-48DF-A0D9-9213C9AEC5D7}.Release|Any CPU.ActiveCfg = Release|Any CPU
		{D2F149C4-44B7-48DF-A0D9-9213C9AEC5D7}.Release|Any CPU.Build.0 = Release|Any CPU
	EndGlobalSection
	GlobalSection(SolutionProperties) = preSolution
		HideSolutionNode = FALSE
	EndGlobalSection
	GlobalSection(ExtensibilityGlobals) = postSolution
		SolutionGuid = {E603A5BC-612B-476E-93CE-FC65F64D1055}
	EndGlobalSection
EndGlobal
